// !$*UTF8*$!
{
	archiveVersion = 1;
	classes = {
	};
	objectVersion = 77;
	objects = {

/* Begin PBXBuildFile section */
		30D913042E5A1CD600A5760D /* Sparkle in Frameworks */ = {isa = PBXBuildFile; productRef = 30D913032E5A1CD600A5760D /* Sparkle */; };
/* End PBXBuildFile section */

/* Begin PBXContainerItemProxy section */
		30D912E02E5A1C9000A5760D /* PBXContainerItemProxy */ = {
			isa = PBXContainerItemProxy;
			containerPortal = 30D912C92E5A1C8E00A5760D /* Project object */;
			proxyType = 1;
			remoteGlobalIDString = 30D912D02E5A1C8E00A5760D;
			remoteInfo = brewpkg;
		};
		30D912EA2E5A1C9000A5760D /* PBXContainerItemProxy */ = {
			isa = PBXContainerItemProxy;
			containerPortal = 30D912C92E5A1C8E00A5760D /* Project object */;
			proxyType = 1;
			remoteGlobalIDString = 30D912D02E5A1C8E00A5760D;
			remoteInfo = brewpkg;
		};
/* End PBXContainerItemProxy section */

/* Begin PBXFileReference section */
		30D912D12E5A1C8E00A5760D /* brewpkg.app */ = {isa = PBXFileReference; explicitFileType = wrapper.application; includeInIndex = 0; path = brewpkg.app; sourceTree = BUILT_PRODUCTS_DIR; };
		30D912DF2E5A1C9000A5760D /* brewpkgTests.xctest */ = {isa = PBXFileReference; explicitFileType = wrapper.cfbundle; includeInIndex = 0; path = brewpkgTests.xctest; sourceTree = BUILT_PRODUCTS_DIR; };
		30D912E92E5A1C9000A5760D /* brewpkgUITests.xctest */ = {isa = PBXFileReference; explicitFileType = wrapper.cfbundle; includeInIndex = 0; path = brewpkgUITests.xctest; sourceTree = BUILT_PRODUCTS_DIR; };
		30D912FE2E5A1CD500A5760D /* brewpkg.xcodeproj */ = {isa = PBXFileReference; lastKnownFileType = "wrapper.pb-project"; path = brewpkg.xcodeproj; sourceTree = "<group>"; };
		30D9146D2E5B199200A5760D /* brewpkg.xcodeproj */ = {isa = PBXFileReference; lastKnownFileType = "wrapper.pb-project"; path = brewpkg.xcodeproj; sourceTree = "<group>"; };
		30D9153F2E5B26E900A5760D /* brewpkg.xcodeproj */ = {isa = PBXFileReference; lastKnownFileType = "wrapper.pb-project"; path = brewpkg.xcodeproj; sourceTree = "<group>"; };
/* End PBXFileReference section */

/* Begin PBXFileSystemSynchronizedRootGroup section */
		30D912D32E5A1C8E00A5760D /* brewpkg */ = {
			isa = PBXFileSystemSynchronizedRootGroup;
			path = brewpkg;
			sourceTree = "<group>";
		};
		30D912E22E5A1C9000A5760D /* brewpkgTests */ = {
			isa = PBXFileSystemSynchronizedRootGroup;
			path = brewpkgTests;
			sourceTree = "<group>";
		};
		30D912EC2E5A1C9000A5760D /* brewpkgUITests */ = {
			isa = PBXFileSystemSynchronizedRootGroup;
			path = brewpkgUITests;
			sourceTree = "<group>";
		};
/* End PBXFileSystemSynchronizedRootGroup section */

/* Begin PBXFrameworksBuildPhase section */
		30D912CE2E5A1C8E00A5760D /* Frameworks */ = {
			isa = PBXFrameworksBuildPhase;
			buildActionMask = 2147483647;
			files = (
				30D913042E5A1CD600A5760D /* Sparkle in Frameworks */,
			);
			runOnlyForDeploymentPostprocessing = 0;
		};
		30D912DC2E5A1C9000A5760D /* Frameworks */ = {
			isa = PBXFrameworksBuildPhase;
			buildActionMask = 2147483647;
			files = (
			);
			runOnlyForDeploymentPostprocessing = 0;
		};
		30D912E62E5A1C9000A5760D /* Frameworks */ = {
			isa = PBXFrameworksBuildPhase;
			buildActionMask = 2147483647;
			files = (
			);
			runOnlyForDeploymentPostprocessing = 0;
		};
/* End PBXFrameworksBuildPhase section */

/* Begin PBXGroup section */
		30D912C82E5A1C8E00A5760D = {
			isa = PBXGroup;
			children = (
				30D912D32E5A1C8E00A5760D /* brewpkg */,
				30D912E22E5A1C9000A5760D /* brewpkgTests */,
				30D912EC2E5A1C9000A5760D /* brewpkgUITests */,
				30D912D22E5A1C8E00A5760D /* Products */,
			);
			sourceTree = "<group>";
		};
		30D912D22E5A1C8E00A5760D /* Products */ = {
			isa = PBXGroup;
			children = (
				30D912D12E5A1C8E00A5760D /* brewpkg.app */,
				30D912DF2E5A1C9000A5760D /* brewpkgTests.xctest */,
				30D912E92E5A1C9000A5760D /* brewpkgUITests.xctest */,
			);
			name = Products;
			sourceTree = "<group>";
		};
		30D913012E5A1CD500A5760D /* Products */ = {
			isa = PBXGroup;
			name = Products;
			sourceTree = "<group>";
		};
		30D914712E5B199200A5760D /* Products */ = {
			isa = PBXGroup;
			name = Products;
			sourceTree = "<group>";
		};
		30D915442E5B26E900A5760D /* Products */ = {
			isa = PBXGroup;
			name = Products;
			sourceTree = "<group>";
		};
/* End PBXGroup section */

/* Begin PBXNativeTarget section */
		30D912D02E5A1C8E00A5760D /* brewpkg */ = {
			isa = PBXNativeTarget;
			buildConfigurationList = 30D912F32E5A1C9000A5760D /* Build configuration list for PBXNativeTarget "brewpkg" */;
			buildPhases = (
				30D912CD2E5A1C8E00A5760D /* Sources */,
				30D912CE2E5A1C8E00A5760D /* Frameworks */,
				30D912CF2E5A1C8E00A5760D /* Resources */,
			);
			buildRules = (
			);
			dependencies = (
			);
			fileSystemSynchronizedGroups = (
				30D912D32E5A1C8E00A5760D /* brewpkg */,
			);
			name = brewpkg;
			packageProductDependencies = (
				30D913032E5A1CD600A5760D /* Sparkle */,
			);
			productName = brewpkg;
			productReference = 30D912D12E5A1C8E00A5760D /* brewpkg.app */;
			productType = "com.apple.product-type.application";
		};
		30D912DE2E5A1C9000A5760D /* brewpkgTests */ = {
			isa = PBXNativeTarget;
			buildConfigurationList = 30D912F62E5A1C9000A5760D /* Build configuration list for PBXNativeTarget "brewpkgTests" */;
			buildPhases = (
				30D912DB2E5A1C9000A5760D /* Sources */,
				30D912DC2E5A1C9000A5760D /* Frameworks */,
				30D912DD2E5A1C9000A5760D /* Resources */,
			);
			buildRules = (
			);
			dependencies = (
				30D912E12E5A1C9000A5760D /* PBXTargetDependency */,
			);
			fileSystemSynchronizedGroups = (
				30D912E22E5A1C9000A5760D /* brewpkgTests */,
			);
			name = brewpkgTests;
			packageProductDependencies = (
			);
			productName = brewpkgTests;
			productReference = 30D912DF2E5A1C9000A5760D /* brewpkgTests.xctest */;
			productType = "com.apple.product-type.bundle.unit-test";
		};
		30D912E82E5A1C9000A5760D /* brewpkgUITests */ = {
			isa = PBXNativeTarget;
			buildConfigurationList = 30D912F92E5A1C9000A5760D /* Build configuration list for PBXNativeTarget "brewpkgUITests" */;
			buildPhases = (
				30D912E52E5A1C9000A5760D /* Sources */,
				30D912E62E5A1C9000A5760D /* Frameworks */,
				30D912E72E5A1C9000A5760D /* Resources */,
			);
			buildRules = (
			);
			dependencies = (
				30D912EB2E5A1C9000A5760D /* PBXTargetDependency */,
			);
			fileSystemSynchronizedGroups = (
				30D912EC2E5A1C9000A5760D /* brewpkgUITests */,
			);
			name = brewpkgUITests;
			packageProductDependencies = (
			);
			productName = brewpkgUITests;
			productReference = 30D912E92E5A1C9000A5760D /* brewpkgUITests.xctest */;
			productType = "com.apple.product-type.bundle.ui-testing";
		};
/* End PBXNativeTarget section */

/* Begin PBXProject section */
		30D912C92E5A1C8E00A5760D /* Project object */ = {
			isa = PBXProject;
			attributes = {
				BuildIndependentTargetsInParallel = 1;
				LastSwiftUpdateCheck = 1630;
				LastUpgradeCheck = 1630;
				TargetAttributes = {
					30D912D02E5A1C8E00A5760D = {
						CreatedOnToolsVersion = 16.3;
					};
					30D912DE2E5A1C9000A5760D = {
						CreatedOnToolsVersion = 16.3;
						TestTargetID = 30D912D02E5A1C8E00A5760D;
					};
					30D912E82E5A1C9000A5760D = {
						CreatedOnToolsVersion = 16.3;
						TestTargetID = 30D912D02E5A1C8E00A5760D;
					};
				};
			};
			buildConfigurationList = 30D912CC2E5A1C8E00A5760D /* Build configuration list for PBXProject "brewpkg" */;
			developmentRegion = en;
			hasScannedForEncodings = 0;
			knownRegions = (
				en,
				Base,
			);
			mainGroup = 30D912C82E5A1C8E00A5760D;
			minimizedProjectReferenceProxies = 1;
			packageReferences = (
				30D913022E5A1CD600A5760D /* XCRemoteSwiftPackageReference "Sparkle" */,
			);
			preferredProjectObjectVersion = 77;
			productRefGroup = 30D912D22E5A1C8E00A5760D /* Products */;
			projectDirPath = "";
			projectReferences = (
				{
					ProductGroup = 30D913012E5A1CD500A5760D /* Products */;
					ProjectRef = 30D912FE2E5A1CD500A5760D /* brewpkg.xcodeproj */;
				},
				{
					ProductGroup = 30D914712E5B199200A5760D /* Products */;
					ProjectRef = 30D9146D2E5B199200A5760D /* brewpkg.xcodeproj */;
				},
				{
					ProductGroup = 30D915442E5B26E900A5760D /* Products */;
					ProjectRef = 30D9153F2E5B26E900A5760D /* brewpkg.xcodeproj */;
				},
			);
			projectRoot = "";
			targets = (
				30D912D02E5A1C8E00A5760D /* brewpkg */,
				30D912DE2E5A1C9000A5760D /* brewpkgTests */,
				30D912E82E5A1C9000A5760D /* brewpkgUITests */,
			);
		};
/* End PBXProject section */

/* Begin PBXResourcesBuildPhase section */
		30D912CF2E5A1C8E00A5760D /* Resources */ = {
			isa = PBXResourcesBuildPhase;
			buildActionMask = 2147483647;
			files = (
			);
			runOnlyForDeploymentPostprocessing = 0;
		};
		30D912DD2E5A1C9000A5760D /* Resources */ = {
			isa = PBXResourcesBuildPhase;
			buildActionMask = 2147483647;
			files = (
			);
			runOnlyForDeploymentPostprocessing = 0;
		};
		30D912E72E5A1C9000A5760D /* Resources */ = {
			isa = PBXResourcesBuildPhase;
			buildActionMask = 2147483647;
			files = (
			);
			runOnlyForDeploymentPostprocessing = 0;
		};
/* End PBXResourcesBuildPhase section */

/* Begin PBXSourcesBuildPhase section */
		30D912CD2E5A1C8E00A5760D /* Sources */ = {
			isa = PBXSourcesBuildPhase;
			buildActionMask = 2147483647;
			files = (
			);
			runOnlyForDeploymentPostprocessing = 0;
		};
		30D912DB2E5A1C9000A5760D /* Sources */ = {
			isa = PBXSourcesBuildPhase;
			buildActionMask = 2147483647;
			files = (
			);
			runOnlyForDeploymentPostprocessing = 0;
		};
		30D912E52E5A1C9000A5760D /* Sources */ = {
			isa = PBXSourcesBuildPhase;
			buildActionMask = 2147483647;
			files = (
			);
			runOnlyForDeploymentPostprocessing = 0;
		};
/* End PBXSourcesBuildPhase section */

/* Begin PBXTargetDependency section */
		30D912E12E5A1C9000A5760D /* PBXTargetDependency */ = {
			isa = PBXTargetDependency;
			target = 30D912D02E5A1C8E00A5760D /* brewpkg */;
			targetProxy = 30D912E02E5A1C9000A5760D /* PBXContainerItemProxy */;
		};
		30D912EB2E5A1C9000A5760D /* PBXTargetDependency */ = {
			isa = PBXTargetDependency;
			target = 30D912D02E5A1C8E00A5760D /* brewpkg */;
			targetProxy = 30D912EA2E5A1C9000A5760D /* PBXContainerItemProxy */;
		};
/* End PBXTargetDependency section */

/* Begin XCBuildConfiguration section */
		30D912F12E5A1C9000A5760D /* Debug */ = {
			isa = XCBuildConfiguration;
			buildSettings = {
				ALWAYS_SEARCH_USER_PATHS = NO;
				ASSETCATALOG_COMPILER_GENERATE_SWIFT_ASSET_SYMBOL_EXTENSIONS = YES;
				CLANG_ANALYZER_NONNULL = YES;
				CLANG_ANALYZER_NUMBER_OBJECT_CONVERSION = YES_AGGRESSIVE;
				CLANG_CXX_LANGUAGE_STANDARD = "gnu++20";
				CLANG_ENABLE_MODULES = YES;
				CLANG_ENABLE_OBJC_ARC = YES;
				CLANG_ENABLE_OBJC_WEAK = YES;
				CLANG_WARN_BLOCK_CAPTURE_AUTORELEASING = YES;
				CLANG_WARN_BOOL_CONVERSION = YES;
				CLANG_WARN_COMMA = YES;
				CLANG_WARN_CONSTANT_CONVERSION = YES;
				CLANG_WARN_DEPRECATED_OBJC_IMPLEMENTATIONS = YES;
				CLANG_WARN_DIRECT_OBJC_ISA_USAGE = YES_ERROR;
				CLANG_WARN_DOCUMENTATION_COMMENTS = YES;
				CLANG_WARN_EMPTY_BODY = YES;
				CLANG_WARN_ENUM_CONVERSION = YES;
				CLANG_WARN_INFINITE_RECURSION = YES;
				CLANG_WARN_INT_CONVERSION = YES;
				CLANG_WARN_NON_LITERAL_NULL_CONVERSION = YES;
				CLANG_WARN_OBJC_IMPLICIT_RETAIN_SELF = YES;
				CLANG_WARN_OBJC_LITERAL_CONVERSION = YES;
				CLANG_WARN_OBJC_ROOT_CLASS = YES_ERROR;
				CLANG_WARN_QUOTED_INCLUDE_IN_FRAMEWORK_HEADER = YES;
				CLANG_WARN_RANGE_LOOP_ANALYSIS = YES;
				CLANG_WARN_STRICT_PROTOTYPES = YES;
				CLANG_WARN_SUSPICIOUS_MOVE = YES;
				CLANG_WARN_UNGUARDED_AVAILABILITY = YES_AGGRESSIVE;
				CLANG_WARN_UNREACHABLE_CODE = YES;
				CLANG_WARN__DUPLICATE_METHOD_MATCH = YES;
				COPY_PHASE_STRIP = NO;
				DEBUG_INFORMATION_FORMAT = dwarf;
				DEVELOPMENT_TEAM = D259ULY2B4;
				ENABLE_STRICT_OBJC_MSGSEND = YES;
				ENABLE_TESTABILITY = YES;
				ENABLE_USER_SCRIPT_SANDBOXING = YES;
				GCC_C_LANGUAGE_STANDARD = gnu17;
				GCC_DYNAMIC_NO_PIC = NO;
				GCC_NO_COMMON_BLOCKS = YES;
				GCC_OPTIMIZATION_LEVEL = 0;
				GCC_PREPROCESSOR_DEFINITIONS = (
					"DEBUG=1",
					"$(inherited)",
				);
				GCC_WARN_64_TO_32_BIT_CONVERSION = YES;
				GCC_WARN_ABOUT_RETURN_TYPE = YES_ERROR;
				GCC_WARN_UNDECLARED_SELECTOR = YES;
				GCC_WARN_UNINITIALIZED_AUTOS = YES_AGGRESSIVE;
				GCC_WARN_UNUSED_FUNCTION = YES;
				GCC_WARN_UNUSED_VARIABLE = YES;
				LOCALIZATION_PREFERS_STRING_CATALOGS = YES;
				MACOSX_DEPLOYMENT_TARGET = 15.4;
				MTL_ENABLE_DEBUG_INFO = INCLUDE_SOURCE;
				MTL_FAST_MATH = YES;
				ONLY_ACTIVE_ARCH = YES;
				SDKROOT = macosx;
				SWIFT_ACTIVE_COMPILATION_CONDITIONS = "DEBUG $(inherited)";
				SWIFT_OPTIMIZATION_LEVEL = "-Onone";
			};
			name = Debug;
		};
		30D912F22E5A1C9000A5760D /* Release */ = {
			isa = XCBuildConfiguration;
			buildSettings = {
				ALWAYS_SEARCH_USER_PATHS = NO;
				ASSETCATALOG_COMPILER_GENERATE_SWIFT_ASSET_SYMBOL_EXTENSIONS = YES;
				CLANG_ANALYZER_NONNULL = YES;
				CLANG_ANALYZER_NUMBER_OBJECT_CONVERSION = YES_AGGRESSIVE;
				CLANG_CXX_LANGUAGE_STANDARD = "gnu++20";
				CLANG_ENABLE_MODULES = YES;
				CLANG_ENABLE_OBJC_ARC = YES;
				CLANG_ENABLE_OBJC_WEAK = YES;
				CLANG_WARN_BLOCK_CAPTURE_AUTORELEASING = YES;
				CLANG_WARN_BOOL_CONVERSION = YES;
				CLANG_WARN_COMMA = YES;
				CLANG_WARN_CONSTANT_CONVERSION = YES;
				CLANG_WARN_DEPRECATED_OBJC_IMPLEMENTATIONS = YES;
				CLANG_WARN_DIRECT_OBJC_ISA_USAGE = YES_ERROR;
				CLANG_WARN_DOCUMENTATION_COMMENTS = YES;
				CLANG_WARN_EMPTY_BODY = YES;
				CLANG_WARN_ENUM_CONVERSION = YES;
				CLANG_WARN_INFINITE_RECURSION = YES;
				CLANG_WARN_INT_CONVERSION = YES;
				CLANG_WARN_NON_LITERAL_NULL_CONVERSION = YES;
				CLANG_WARN_OBJC_IMPLICIT_RETAIN_SELF = YES;
				CLANG_WARN_OBJC_LITERAL_CONVERSION = YES;
				CLANG_WARN_OBJC_ROOT_CLASS = YES_ERROR;
				CLANG_WARN_QUOTED_INCLUDE_IN_FRAMEWORK_HEADER = YES;
				CLANG_WARN_RANGE_LOOP_ANALYSIS = YES;
				CLANG_WARN_STRICT_PROTOTYPES = YES;
				CLANG_WARN_SUSPICIOUS_MOVE = YES;
				CLANG_WARN_UNGUARDED_AVAILABILITY = YES_AGGRESSIVE;
				CLANG_WARN_UNREACHABLE_CODE = YES;
				CLANG_WARN__DUPLICATE_METHOD_MATCH = YES;
				COPY_PHASE_STRIP = NO;
				DEBUG_INFORMATION_FORMAT = "dwarf-with-dsym";
				DEVELOPMENT_TEAM = D259ULY2B4;
				ENABLE_NS_ASSERTIONS = NO;
				ENABLE_STRICT_OBJC_MSGSEND = YES;
				ENABLE_USER_SCRIPT_SANDBOXING = YES;
				GCC_C_LANGUAGE_STANDARD = gnu17;
				GCC_NO_COMMON_BLOCKS = YES;
				GCC_WARN_64_TO_32_BIT_CONVERSION = YES;
				GCC_WARN_ABOUT_RETURN_TYPE = YES_ERROR;
				GCC_WARN_UNDECLARED_SELECTOR = YES;
				GCC_WARN_UNINITIALIZED_AUTOS = YES_AGGRESSIVE;
				GCC_WARN_UNUSED_FUNCTION = YES;
				GCC_WARN_UNUSED_VARIABLE = YES;
				LOCALIZATION_PREFERS_STRING_CATALOGS = YES;
				MACOSX_DEPLOYMENT_TARGET = 15.4;
				MTL_ENABLE_DEBUG_INFO = NO;
				MTL_FAST_MATH = YES;
				SDKROOT = macosx;
				SWIFT_COMPILATION_MODE = wholemodule;
			};
			name = Release;
		};
		30D912F42E5A1C9000A5760D /* Debug */ = {
			isa = XCBuildConfiguration;
			buildSettings = {
				ASSETCATALOG_COMPILER_APPICON_NAME = AppIcon;
				ASSETCATALOG_COMPILER_GLOBAL_ACCENT_COLOR_NAME = AccentColor;
				CODE_SIGN_ENTITLEMENTS = brewpkg/brewpkg.entitlements;
				CODE_SIGN_STYLE = Automatic;
				COMBINE_HIDPI_IMAGES = YES;
				CURRENT_PROJECT_VERSION = 6;
				DEVELOPMENT_TEAM = D259ULY2B4;
				ENABLE_HARDENED_RUNTIME = YES;
				ENABLE_PREVIEWS = YES;
				GENERATE_INFOPLIST_FILE = NO;
				INFOPLIST_FILE = brewpkg/Info.plist;
				INFOPLIST_KEY_NSHumanReadableCopyright = "";
				LD_RUNPATH_SEARCH_PATHS = (
					"$(inherited)",
					"@executable_path/../Frameworks",
				);
				MARKETING_VERSION = 1.2.0;
				PRODUCT_BUNDLE_IDENTIFIER = com.ugurkoc.brewpkg;
				PRODUCT_NAME = "$(TARGET_NAME)";
				REGISTER_APP_GROUPS = YES;
				SWIFT_EMIT_LOC_STRINGS = YES;
				SWIFT_VERSION = 5.0;
			};
			name = Debug;
		};
		30D912F52E5A1C9000A5760D /* Release */ = {
			isa = XCBuildConfiguration;
			buildSettings = {
				ASSETCATALOG_COMPILER_APPICON_NAME = AppIcon;
				ASSETCATALOG_COMPILER_GLOBAL_ACCENT_COLOR_NAME = AccentColor;
				CODE_SIGN_ENTITLEMENTS = brewpkg/brewpkg.entitlements;
				CODE_SIGN_STYLE = Automatic;
				COMBINE_HIDPI_IMAGES = YES;
				CURRENT_PROJECT_VERSION = 6;
				DEVELOPMENT_TEAM = D259ULY2B4;
				ENABLE_HARDENED_RUNTIME = YES;
				ENABLE_PREVIEWS = YES;
				GENERATE_INFOPLIST_FILE = NO;
				INFOPLIST_FILE = brewpkg/Info.plist;
				INFOPLIST_KEY_NSHumanReadableCopyright = "";
				LD_RUNPATH_SEARCH_PATHS = (
					"$(inherited)",
					"@executable_path/../Frameworks",
				);
				MARKETING_VERSION = 1.2.0;
				PRODUCT_BUNDLE_IDENTIFIER = com.ugurkoc.brewpkg;
				PRODUCT_NAME = "$(TARGET_NAME)";
				REGISTER_APP_GROUPS = YES;
				SWIFT_EMIT_LOC_STRINGS = YES;
				SWIFT_VERSION = 5.0;
			};
			name = Release;
		};
		30D912F72E5A1C9000A5760D /* Debug */ = {
			isa = XCBuildConfiguration;
			buildSettings = {
				BUNDLE_LOADER = "$(TEST_HOST)";
				CODE_SIGN_STYLE = Automatic;
				CURRENT_PROJECT_VERSION = 6;
				DEVELOPMENT_TEAM = D259ULY2B4;
				GENERATE_INFOPLIST_FILE = YES;
				MACOSX_DEPLOYMENT_TARGET = 15.4;
				MARKETING_VERSION = 1.2.0;
				PRODUCT_BUNDLE_IDENTIFIER = com.ugurkoc.brewpkgTests;
				PRODUCT_NAME = "$(TARGET_NAME)";
				SWIFT_EMIT_LOC_STRINGS = NO;
				SWIFT_VERSION = 5.0;
				TEST_HOST = "$(BUILT_PRODUCTS_DIR)/brewpkg.app/$(BUNDLE_EXECUTABLE_FOLDER_PATH)/brewpkg";
			};
			name = Debug;
		};
		30D912F82E5A1C9000A5760D /* Release */ = {
			isa = XCBuildConfiguration;
			buildSettings = {
				BUNDLE_LOADER = "$(TEST_HOST)";
				CODE_SIGN_STYLE = Automatic;
				CURRENT_PROJECT_VERSION = 6;
				DEVELOPMENT_TEAM = D259ULY2B4;
				GENERATE_INFOPLIST_FILE = YES;
				MACOSX_DEPLOYMENT_TARGET = 15.4;
				MARKETING_VERSION = 1.2.0;
				PRODUCT_BUNDLE_IDENTIFIER = com.ugurkoc.brewpkgTests;
				PRODUCT_NAME = "$(TARGET_NAME)";
				SWIFT_EMIT_LOC_STRINGS = NO;
				SWIFT_VERSION = 5.0;
				TEST_HOST = "$(BUILT_PRODUCTS_DIR)/brewpkg.app/$(BUNDLE_EXECUTABLE_FOLDER_PATH)/brewpkg";
			};
			name = Release;
		};
		30D912FA2E5A1C9000A5760D /* Debug */ = {
			isa = XCBuildConfiguration;
			buildSettings = {
				CODE_SIGN_STYLE = Automatic;
				CURRENT_PROJECT_VERSION = 6;
				DEVELOPMENT_TEAM = D259ULY2B4;
				GENERATE_INFOPLIST_FILE = YES;
				MARKETING_VERSION = 1.2.0;
				PRODUCT_BUNDLE_IDENTIFIER = com.ugurkoc.brewpkgUITests;
				PRODUCT_NAME = "$(TARGET_NAME)";
				SWIFT_EMIT_LOC_STRINGS = NO;
				SWIFT_VERSION = 5.0;
				TEST_TARGET_NAME = brewpkg;
			};
			name = Debug;
		};
		30D912FB2E5A1C9000A5760D /* Release */ = {
			isa = XCBuildConfiguration;
			buildSettings = {
				CODE_SIGN_STYLE = Automatic;
				CURRENT_PROJECT_VERSION = 6;
				DEVELOPMENT_TEAM = D259ULY2B4;
				GENERATE_INFOPLIST_FILE = YES;
				MARKETING_VERSION = 1.2.0;
				PRODUCT_BUNDLE_IDENTIFIER = com.ugurkoc.brewpkgUITests;
				PRODUCT_NAME = "$(TARGET_NAME)";
				SWIFT_EMIT_LOC_STRINGS = NO;
				SWIFT_VERSION = 5.0;
				TEST_TARGET_NAME = brewpkg;
			};
			name = Release;
		};
/* End XCBuildConfiguration section */

/* Begin XCConfigurationList section */
		30D912CC2E5A1C8E00A5760D /* Build configuration list for PBXProject "brewpkg" */ = {
			isa = XCConfigurationList;
			buildConfigurations = (
				30D912F12E5A1C9000A5760D /* Debug */,
				30D912F22E5A1C9000A5760D /* Release */,
			);
			defaultConfigurationIsVisible = 0;
			defaultConfigurationName = Release;
		};
		30D912F32E5A1C9000A5760D /* Build configuration list for PBXNativeTarget "brewpkg" */ = {
			isa = XCConfigurationList;
			buildConfigurations = (
				30D912F42E5A1C9000A5760D /* Debug */,
				30D912F52E5A1C9000A5760D /* Release */,
			);
			defaultConfigurationIsVisible = 0;
			defaultConfigurationName = Release;
		};
		30D912F62E5A1C9000A5760D /* Build configuration list for PBXNativeTarget "brewpkgTests" */ = {
			isa = XCConfigurationList;
			buildConfigurations = (
				30D912F72E5A1C9000A5760D /* Debug */,
				30D912F82E5A1C9000A5760D /* Release */,
			);
			defaultConfigurationIsVisible = 0;
			defaultConfigurationName = Release;
		};
		30D912F92E5A1C9000A5760D /* Build configuration list for PBXNativeTarget "brewpkgUITests" */ = {
			isa = XCConfigurationList;
			buildConfigurations = (
				30D912FA2E5A1C9000A5760D /* Debug */,
				30D912FB2E5A1C9000A5760D /* Release */,
			);
			defaultConfigurationIsVisible = 0;
			defaultConfigurationName = Release;
		};
/* End XCConfigurationList section */

/* Begin XCRemoteSwiftPackageReference section */
		30D913022E5A1CD600A5760D /* XCRemoteSwiftPackageReference "Sparkle" */ = {
			isa = XCRemoteSwiftPackageReference;
			repositoryURL = "https://github.com/sparkle-project/Sparkle";
			requirement = {
				kind = upToNextMajorVersion;
				minimumVersion = 2.6.4;
			};
		};
/* End XCRemoteSwiftPackageReference section */

/* Begin XCSwiftPackageProductDependency section */
		30D913032E5A1CD600A5760D /* Sparkle */ = {
			isa = XCSwiftPackageProductDependency;
			package = 30D913022E5A1CD600A5760D /* XCRemoteSwiftPackageReference "Sparkle" */;
			productName = Sparkle;
		};
/* End XCSwiftPackageProductDependency section */
	};
	rootObject = 30D912C92E5A1C8E00A5760D /* Project object */;
}
